
Microsoft Visual Studio Solution File, Format Version 12.00
# Visual Studio Version 16
VisualStudioVersion = 25.0.1705.2
MinimumVisualStudioVersion = 10.0.40219.1
Project("{FAE04EC0-301F-11D3-BF4B-00C04F79EFBC}") = "simple-bank-app", "simple-bank-app\simple-bank-app.csproj", "{8F76C7B3-BCB9-4E62-BAD2-9E57012B758F}"
EndProject
Global
	GlobalSection(SolutionConfigurationPlatforms) = preSolution
		Debug|Any CPU = Debug|Any CPU
		Release|Any CPU = Release|Any CPU
	EndGlobalSection
	GlobalSection(ProjectConfigurationPlatforms) = postSolution
		{8F76C7B3-BCB9-4E62-BAD2-9E57012B758F}.Debug|Any CPU.ActiveCfg = Debug|Any CPU
		{8F76C7B3-BCB9-4E62-BAD2-9E57012B758F}.Debug|Any CPU.Build.0 = Debug|Any CPU
		{8F76C7B3-BCB9-4E62-BAD2-9E57012B758F}.Release|Any CPU.ActiveCfg = Release|Any CPU
		{8F76C7B3-BCB9-4E62-BAD2-9E57012B758F}.Release|Any CPU.Build.0 = Release|Any CPU
	EndGlobalSection
	GlobalSection(SolutionProperties) = preSolution
		HideSolutionNode = FALSE
	EndGlobalSection
	GlobalSection(ExtensibilityGlobals) = postSolution
		SolutionGuid = {4B38E1EA-D38F-4838-8C00-34B9D83FBD29}
	EndGlobalSection
EndGlobal
